Microsoft Visual Studio Solution File, Format Version 12.00
# Visual Studio Version 17
VisualStudioVersion = 17.0.0.0
MinimumVisualStudioVersion = 17.0.0.0

Project("{FAE04EC0-301F-11D3-BF4B-00C04F79EFBC}") = "MovieHub.Api", "Api\MovieHub.Api.csproj", "{E4402CA7-CC4F-405D-87E4-921084026A22}"
EndProject
Project("{FAE04EC0-301F-11D3-BF4B-00C04F79EFBC}") = "MovieHub.Application", "Application\MovieHub.Application.csproj", "{A657DD95-B3C2-484C-8DEF-AD1C78EE8F4E}"
EndProject
Project("{FAE04EC0-301F-11D3-BF4B-00C04F79EFBC}") = "MovieHub.Contracts", "Contracts\MovieHub.Contracts.csproj", "{C46ABA1E-5A74-454B-A613-5A8FD305DDF5}"
EndProject
Project("{FAE04EC0-301F-11D3-BF4B-00C04F79EFBC}") = "Identity.Api", "Identity.Api\Identity.Api.csproj", "{F1BBCEAC-B008-4B7D-B189-DAC3909F694C}"
EndProject
Project("{FAE04EC0-301F-11D3-BF4B-00C04F79EFBC}") = "MovieHub", "Server\MovieHub.csproj", "{15C98FC6-9FE8-44AA-A3E1-7F254365973C}"
EndProject
EndProject
Global
	GlobalSection(SolutionConfigurationPlatforms) = preSolution
		Debug|Any CPU = Debug|Any CPU
		Release|Any CPU = Release|Any CPU
	EndGlobalSection
	GlobalSection(ProjectConfigurationPlatforms) = postSolution

		{E4402CA7-CC4F-405D-87E4-921084026A22}.Debug|Any CPU.ActiveCfg = Debug|Any CPU
		{E4402CA7-CC4F-405D-87E4-921084026A22}.Debug|Any CPU.Build.0 = Debug|Any CPU
		{E4402CA7-CC4F-405D-87E4-921084026A22}.Release|Any CPU.ActiveCfg = Release|Any CPU
		{E4402CA7-CC4F-405D-87E4-921084026A22}.Release|Any CPU.Build.0 = Release|Any CPU
		{A657DD95-B3C2-484C-8DEF-AD1C78EE8F4E}.Debug|Any CPU.ActiveCfg = Debug|Any CPU
		{A657DD95-B3C2-484C-8DEF-AD1C78EE8F4E}.Debug|Any CPU.Build.0 = Debug|Any CPU
		{A657DD95-B3C2-484C-8DEF-AD1C78EE8F4E}.Release|Any CPU.ActiveCfg = Release|Any CPU
		{A657DD95-B3C2-484C-8DEF-AD1C78EE8F4E}.Release|Any CPU.Build.0 = Release|Any CPU
		{C46ABA1E-5A74-454B-A613-5A8FD305DDF5}.Debug|Any CPU.ActiveCfg = Debug|Any CPU
		{C46ABA1E-5A74-454B-A613-5A8FD305DDF5}.Debug|Any CPU.Build.0 = Debug|Any CPU
		{C46ABA1E-5A74-454B-A613-5A8FD305DDF5}.Release|Any CPU.ActiveCfg = Release|Any CPU
		{C46ABA1E-5A74-454B-A613-5A8FD305DDF5}.Release|Any CPU.Build.0 = Release|Any CPU
		{F1BBCEAC-B008-4B7D-B189-DAC3909F694C}.Debug|Any CPU.ActiveCfg = Debug|Any CPU
		{F1BBCEAC-B008-4B7D-B189-DAC3909F694C}.Debug|Any CPU.Build.0 = Debug|Any CPU
		{F1BBCEAC-B008-4B7D-B189-DAC3909F694C}.Release|Any CPU.ActiveCfg = Release|Any CPU
		{F1BBCEAC-B008-4B7D-B189-DAC3909F694C}.Release|Any CPU.Build.0 = Release|Any CPU
		{15C98FC6-9FE8-44AA-A3E1-7F254365973C}.Debug|Any CPU.ActiveCfg = Debug|Any CPU
		{15C98FC6-9FE8-44AA-A3E1-7F254365973C}.Debug|Any CPU.Build.0 = Debug|Any CPU
		{15C98FC6-9FE8-44AA-A3E1-7F254365973C}.Release|Any CPU.ActiveCfg = Release|Any CPU
		{15C98FC6-9FE8-44AA-A3E1-7F254365973C}.Release|Any CPU.Build.0 = Release|Any CPU
	EndGlobalSection
	GlobalSection(SolutionProperties) = preSolution
		HideSolutionNode = FALSE
	EndGlobalSection
	GlobalSection(ExtensibilityGlobals) = postSolution
		SolutionGuid = {E39929F1-D2DA-400E-BD48-269E410AC5D8}
	EndGlobalSection
EndGlobal
